
Microsoft Visual Studio Solution File, Format Version 12.00
# Visual Studio Version 17
VisualStudioVersion = 17.0.31903.59
MinimumVisualStudioVersion = 10.0.40219.1
Project("{FAE04EC0-301F-11D3-BF4B-00C04F79EFBC}") = "Bistre.Data", "data\Bistre.Data.csproj", "{526B478F-26A7-5ACD-F9A3-384050CD053C}"
EndProject
Project("{FAE04EC0-301F-11D3-BF4B-00C04F79EFBC}") = "Bistre.Defaults", "defaults\Bistre.Defaults.csproj", "{92760E78-D110-8CA7-3A9B-45E61CA7A741}"
EndProject
Project("{FAE04EC0-301F-11D3-BF4B-00C04F79EFBC}") = "Bistre.Host", "host\Bistre.Host.csproj", "{FE5B10C4-45EB-4AA8-6D28-6AC80FA2731F}"
EndProject
Project("{FAE04EC0-301F-11D3-BF4B-00C04F79EFBC}") = "Bistre.API", "api\Bistre.API.csproj", "{005DFE0B-F90B-499B-0DE9-2A18F512AD51}"
EndProject
Project("{FAE04EC0-301F-11D3-BF4B-00C04F79EFBC}") = "Bistre.Services.General", "services\general\Bistre.Services.General.csproj", "{18C15A9D-A653-43F8-3B81-AECB1340EFC7}"
EndProject
Project("{FAE04EC0-301F-11D3-BF4B-00C04F79EFBC}") = "Bistre.Models", "models\Bistre.Models.csproj", "{86A5D453-BA7C-25A1-98FD-DD213BFD1E70}"
EndProject
Global
	GlobalSection(SolutionConfigurationPlatforms) = preSolution
		Debug|Any CPU = Debug|Any CPU
		Release|Any CPU = Release|Any CPU
	EndGlobalSection
	GlobalSection(ProjectConfigurationPlatforms) = postSolution
		{526B478F-26A7-5ACD-F9A3-384050CD053C}.Debug|Any CPU.ActiveCfg = Debug|Any CPU
		{526B478F-26A7-5ACD-F9A3-384050CD053C}.Debug|Any CPU.Build.0 = Debug|Any CPU
		{526B478F-26A7-5ACD-F9A3-384050CD053C}.Release|Any CPU.ActiveCfg = Release|Any CPU
		{526B478F-26A7-5ACD-F9A3-384050CD053C}.Release|Any CPU.Build.0 = Release|Any CPU
		{92760E78-D110-8CA7-3A9B-45E61CA7A741}.Debug|Any CPU.ActiveCfg = Debug|Any CPU
		{92760E78-D110-8CA7-3A9B-45E61CA7A741}.Debug|Any CPU.Build.0 = Debug|Any CPU
		{92760E78-D110-8CA7-3A9B-45E61CA7A741}.Release|Any CPU.ActiveCfg = Release|Any CPU
		{92760E78-D110-8CA7-3A9B-45E61CA7A741}.Release|Any CPU.Build.0 = Release|Any CPU
		{FE5B10C4-45EB-4AA8-6D28-6AC80FA2731F}.Debug|Any CPU.ActiveCfg = Debug|Any CPU
		{FE5B10C4-45EB-4AA8-6D28-6AC80FA2731F}.Debug|Any CPU.Build.0 = Debug|Any CPU
		{FE5B10C4-45EB-4AA8-6D28-6AC80FA2731F}.Release|Any CPU.ActiveCfg = Release|Any CPU
		{FE5B10C4-45EB-4AA8-6D28-6AC80FA2731F}.Release|Any CPU.Build.0 = Release|Any CPU
		{005DFE0B-F90B-499B-0DE9-2A18F512AD51}.Debug|Any CPU.ActiveCfg = Debug|Any CPU
		{005DFE0B-F90B-499B-0DE9-2A18F512AD51}.Debug|Any CPU.Build.0 = Debug|Any CPU
		{005DFE0B-F90B-499B-0DE9-2A18F512AD51}.Release|Any CPU.ActiveCfg = Release|Any CPU
		{005DFE0B-F90B-499B-0DE9-2A18F512AD51}.Release|Any CPU.Build.0 = Release|Any CPU
		{18C15A9D-A653-43F8-3B81-AECB1340EFC7}.Debug|Any CPU.ActiveCfg = Debug|Any CPU
		{18C15A9D-A653-43F8-3B81-AECB1340EFC7}.Debug|Any CPU.Build.0 = Debug|Any CPU
		{18C15A9D-A653-43F8-3B81-AECB1340EFC7}.Release|Any CPU.ActiveCfg = Release|Any CPU
		{18C15A9D-A653-43F8-3B81-AECB1340EFC7}.Release|Any CPU.Build.0 = Release|Any CPU
		{86A5D453-BA7C-25A1-98FD-DD213BFD1E70}.Debug|Any CPU.ActiveCfg = Debug|Any CPU
		{86A5D453-BA7C-25A1-98FD-DD213BFD1E70}.Debug|Any CPU.Build.0 = Debug|Any CPU
		{86A5D453-BA7C-25A1-98FD-DD213BFD1E70}.Release|Any CPU.ActiveCfg = Release|Any CPU
		{86A5D453-BA7C-25A1-98FD-DD213BFD1E70}.Release|Any CPU.Build.0 = Release|Any CPU
	EndGlobalSection
	GlobalSection(SolutionProperties) = preSolution
		HideSolutionNode = FALSE
	EndGlobalSection
	GlobalSection(ExtensibilityGlobals) = postSolution
		SolutionGuid = {0A6E6F40-EAA2-47A4-A96D-E7CDA47A5DD3}
	EndGlobalSection
EndGlobal
